{
  "requires": true,
  "lockfileVersion": 1,
  "dependencies": {
    "xterm": {
      "version": "4.7.0",
      "resolved": "https://registry.npmjs.org/xterm/-/xterm-4.7.0.tgz",
      "integrity": "sha512-UeH6U/1iknCBP94/AcKAFBeQz6ZicMugJHGXruTmsY8RcZt+mkx+vl8jLLOqNYweXdBbywCg2kK88WDKjcmSmg=="
    }
  }
}
