{
  "requires": true,
  "lockfileVersion": 1,
  "dependencies": {
    "xterm": {
      "version": "4.6.0",
      "resolved": "https://registry.npmjs.org/xterm/-/xterm-4.6.0.tgz",
      "integrity": "sha512-98211RIDrAECqpsxs6gbilwMcxLtxSDIvtzZUIqP1xIByXtuccJ4pmMhHGJATZeEGe/reARPMqwPINK8T7jGZg=="
    }
  }
}
