{
  "requires": true,
  "lockfileVersion": 1,
  "dependencies": {
    "xterm": {
      "version": "3.13.2",
      "resolved": "https://registry.npmjs.org/xterm/-/xterm-3.13.2.tgz",
      "integrity": "sha512-4utKoF16/pzH6+EkFaaay+qPCozf5RP2P0JuH6rvIGHY0CRwgU2LwbQ/24DY+TvaZ5m+kwvIUvPqIBoMZYfgOg=="
    }
  }
}
